PODS:
  - AFNetworking (2.4.1):
    - AFNetworking/NSURLConnection (= 2.4.1)
    - AFNetworking/NSURLSession (= 2.4.1)
    - AFNetworking/Reachability (= 2.4.1)
    - AFNetworking/Security (= 2.4.1)
    - AFNetworking/Serialization (= 2.4.1)
    - AFNetworking/UIKit (= 2.4.1)
  - AFNetworking/NSURLConnection (2.4.1):
    - AFNetworking/Reachability
    - AFNetworking/Security
    - AFNetworking/Serialization
  - AFNetworking/NSURLSession (2.4.1):
    - AFNetworking/Reachability
    - AFNetworking/Security
    - AFNetworking/Serialization
  - AFNetworking/Reachability (2.4.1)
  - AFNetworking/Security (2.4.1)
  - AFNetworking/Serialization (2.4.1)
  - AFNetworking/UIKit (2.4.1):
    - AFNetworking/NSURLConnection
    - AFNetworking/NSURLSession
  - CocoaLumberjack (1.9.2):
    - CocoaLumberjack/Extensions (= 1.9.2)
  - CocoaLumberjack/Core (1.9.2)
  - CocoaLumberjack/Extensions (1.9.2):
    - CocoaLumberjack/Core
  - KeychainItemWrapper (1.2)
  - MZAppearance (1.1.6)
  - MZFormSheetPresentationController (2.2.0):
    - MZAppearance
  - ZeroPush (2.0.3)

DEPENDENCIES:
  - AFNetworking (~> 2.0)
  - CocoaLumberjack (~> 1.9)
  - KeychainItemWrapper (~> 1.2)
  - MZFormSheetPresentationController (~> 2.2)
  - ZeroPush (~> 2.0)

SPEC CHECKSUMS:
  AFNetworking: 41d45d2c14219af0fa5addf3cfd433a002c13c9f
  CocoaLumberjack: 628fca2e88ef06f7cf6817309aa405f325d9a6fa
  KeychainItemWrapper: 67a240172ed669842bc6bc13ed554dcd50469fa2
  MZAppearance: 0c06d3fa9cc55142f1da14bc8631fbe8fd6e19d5
  MZFormSheetPresentationController: 3405c52eb182abfb8fa2b635981930eeeec37396
  ZeroPush: fb8490773a045fd783639a30b5407af95aa1ae57

COCOAPODS: 0.39.0
